
Microsoft Visual Studio Solution File, Format Version 12.00
# Visual Studio Version 17
VisualStudioVersion = 17.0.31919.166
MinimumVisualStudioVersion = 10.0.40219.1
Project("{FAE04EC0-301F-11D3-BF4B-00C04F79EFBC}") = "College_App_LinQ_To_SQL", "College_App_LinQ_To_SQL\College_App_LinQ_To_SQL.csproj", "{2159FC7D-708B-4F28-ABC7-15AFF783AE81}"
EndProject
Global
	GlobalSection(SolutionConfigurationPlatforms) = preSolution
		Debug|Any CPU = Debug|Any CPU
		Release|Any CPU = Release|Any CPU
	EndGlobalSection
	GlobalSection(ProjectConfigurationPlatforms) = postSolution
		{2159FC7D-708B-4F28-ABC7-15AFF783AE81}.Debug|Any CPU.ActiveCfg = Debug|Any CPU
		{2159FC7D-708B-4F28-ABC7-15AFF783AE81}.Debug|Any CPU.Build.0 = Debug|Any CPU
		{2159FC7D-708B-4F28-ABC7-15AFF783AE81}.Release|Any CPU.ActiveCfg = Release|Any CPU
		{2159FC7D-708B-4F28-ABC7-15AFF783AE81}.Release|Any CPU.Build.0 = Release|Any CPU
	EndGlobalSection
	GlobalSection(SolutionProperties) = preSolution
		HideSolutionNode = FALSE
	EndGlobalSection
	GlobalSection(ExtensibilityGlobals) = postSolution
		SolutionGuid = {24929764-F994-460F-ACCA-E964C2CD6BB4}
	EndGlobalSection
EndGlobal
